
Microsoft Visual Studio Solution File, Format Version 12.00
# Visual Studio 2013
VisualStudioVersion = 12.0.31101.0
MinimumVisualStudioVersion = 10.0.40219.1
Project("{FAE04EC0-301F-11D3-BF4B-00C04F79EFBC}") = "LiveTiles", "LiveTiles\LiveTiles.csproj", "{4603D41F-A7E8-47FF-A9CD-3A203D34FADC}"
EndProject
Global
	GlobalSection(SolutionConfigurationPlatforms) = preSolution
		Debug|Any CPU = Debug|Any CPU
		Release|Any CPU = Release|Any CPU
	EndGlobalSection
	GlobalSection(ProjectConfigurationPlatforms) = postSolution
		{4603D41F-A7E8-47FF-A9CD-3A203D34FADC}.Debug|Any CPU.ActiveCfg = Debug|Any CPU
		{4603D41F-A7E8-47FF-A9CD-3A203D34FADC}.Debug|Any CPU.Build.0 = Debug|Any CPU
		{4603D41F-A7E8-47FF-A9CD-3A203D34FADC}.Release|Any CPU.ActiveCfg = Release|Any CPU
		{4603D41F-A7E8-47FF-A9CD-3A203D34FADC}.Release|Any CPU.Build.0 = Release|Any CPU
	EndGlobalSection
	GlobalSection(SolutionProperties) = preSolution
		HideSolutionNode = FALSE
	EndGlobalSection
EndGlobal
